// !$*UTF8*$!
{
	archiveVersion = 1;
	classes = {
	};
	objectVersion = 50;
	objects = {

/* Begin PBXBuildFile section */
		0B822EA02678B9DA00411F68 /* ViewController.swift in Sources */ = {isa = PBXBuildFile; fileRef = 0B822E9F2678B9DA00411F68 /* ViewController.swift */; };
		0B822EA22678BA0F00411F68 /* AnswerVC.swift in Sources */ = {isa = PBXBuildFile; fileRef = 0B822EA12678BA0F00411F68 /* AnswerVC.swift */; };
		0BFD78562674B6C100ECE486 /* AppDelegate.swift in Sources */ = {isa = PBXBuildFile; fileRef = 0BFD78552674B6C100ECE486 /* AppDelegate.swift */; };
		0BFD785B2674B6C100ECE486 /* Main.storyboard in Resources */ = {isa = PBXBuildFile; fileRef = 0BFD78592674B6C100ECE486 /* Main.storyboard */; };
		0BFD785D2674B6C400ECE486 /* Assets.xcassets in Resources */ = {isa = PBXBuildFile; fileRef = 0BFD785C2674B6C400ECE486 /* Assets.xcassets */; };
		0BFD78602674B6C400ECE486 /* LaunchScreen.storyboard in Resources */ = {isa = PBXBuildFile; fileRef = 0BFD785E2674B6C400ECE486 /* LaunchScreen.storyboard */; };
/* End PBXBuildFile section */

/* Begin PBXFileReference section */
		0B822E9F2678B9DA00411F68 /* ViewController.swift */ = {isa = PBXFileReference; lastKnownFileType = sourcecode.swift; path = ViewController.swift; sourceTree = "<group>"; };
		0B822EA12678BA0F00411F68 /* AnswerVC.swift */ = {isa = PBXFileReference; lastKnownFileType = sourcecode.swift; path = AnswerVC.swift; sourceTree = "<group>"; };
		0BFD78522674B6C100ECE486 /* EvenOdd.app */ = {isa = PBXFileReference; explicitFileType = wrapper.application; includeInIndex = 0; path = EvenOdd.app; sourceTree = BUILT_PRODUCTS_DIR; };
		0BFD78552674B6C100ECE486 /* AppDelegate.swift */ = {isa = PBXFileReference; lastKnownFileType = sourcecode.swift; path = AppDelegate.swift; sourceTree = "<group>"; };
		0BFD785A2674B6C100ECE486 /* Base */ = {isa = PBXFileReference; lastKnownFileType = file.storyboard; name = Base; path = Base.lproj/Main.storyboard; sourceTree = "<group>"; };
		0BFD785C2674B6C400ECE486 /* Assets.xcassets */ = {isa = PBXFileReference; lastKnownFileType = folder.assetcatalog; path = Assets.xcassets; sourceTree = "<group>"; };
		0BFD785F2674B6C400ECE486 /* Base */ = {isa = PBXFileReference; lastKnownFileType = file.storyboard; name = Base; path = Base.lproj/LaunchScreen.storyboard; sourceTree = "<group>"; };
		0BFD78612674B6C400ECE486 /* Info.plist */ = {isa = PBXFileReference; lastKnownFileType = text.plist.xml; path = Info.plist; sourceTree = "<group>"; };
/* End PBXFileReference section */

/* Begin PBXFrameworksBuildPhase section */
		0BFD784F2674B6C100ECE486 /* Frameworks */ = {
			isa = PBXFrameworksBuildPhase;
			buildActionMask = 2147483647;
			files = (
			);
			runOnlyForDeploymentPostprocessing = 0;
		};
/* End PBXFrameworksBuildPhase section */

/* Begin PBXGroup section */
		0BFD78492674B6C100ECE486 = {
			isa = PBXGroup;
			children = (
				0BFD78542674B6C100ECE486 /* EvenOdd */,
				0BFD78532674B6C100ECE486 /* Products */,
			);
			sourceTree = "<group>";
		};
		0BFD78532674B6C100ECE486 /* Products */ = {
			isa = PBXGroup;
			children = (
				0BFD78522674B6C100ECE486 /* EvenOdd.app */,
			);
			name = Products;
			sourceTree = "<group>";
		};
		0BFD78542674B6C100ECE486 /* EvenOdd */ = {
			isa = PBXGroup;
			children = (
				0BFD78552674B6C100ECE486 /* AppDelegate.swift */,
				0BFD78592674B6C100ECE486 /* Main.storyboard */,
				0BFD785C2674B6C400ECE486 /* Assets.xcassets */,
				0BFD785E2674B6C400ECE486 /* LaunchScreen.storyboard */,
				0BFD78612674B6C400ECE486 /* Info.plist */,
				0B822E9F2678B9DA00411F68 /* ViewController.swift */,
				0B822EA12678BA0F00411F68 /* AnswerVC.swift */,
			);
			path = EvenOdd;
			sourceTree = "<group>";
		};
/* End PBXGroup section */

/* Begin PBXNativeTarget section */
		0BFD78512674B6C100ECE486 /* EvenOdd */ = {
			isa = PBXNativeTarget;
			buildConfigurationList = 0BFD78642674B6C400ECE486 /* Build configuration list for PBXNativeTarget "EvenOdd" */;
			buildPhases = (
				0BFD784E2674B6C100ECE486 /* Sources */,
				0BFD784F2674B6C100ECE486 /* Frameworks */,
				0BFD78502674B6C100ECE486 /* Resources */,
			);
			buildRules = (
			);
			dependencies = (
			);
			name = EvenOdd;
			productName = EvenOdd;
			productReference = 0BFD78522674B6C100ECE486 /* EvenOdd.app */;
			productType = "com.apple.product-type.application";
		};
/* End PBXNativeTarget section */

/* Begin PBXProject section */
		0BFD784A2674B6C100ECE486 /* Project object */ = {
			isa = PBXProject;
			attributes = {
				LastSwiftUpdateCheck = 1020;
				LastUpgradeCheck = 1020;
				ORGANIZATIONNAME = DCS;
				TargetAttributes = {
					0BFD78512674B6C100ECE486 = {
						CreatedOnToolsVersion = 10.2.1;
					};
				};
			};
			buildConfigurationList = 0BFD784D2674B6C100ECE486 /* Build configuration list for PBXProject "EvenOdd" */;
			compatibilityVersion = "Xcode 9.3";
			developmentRegion = en;
			hasScannedForEncodings = 0;
			knownRegions = (
				en,
				Base,
			);
			mainGroup = 0BFD78492674B6C100ECE486;
			productRefGroup = 0BFD78532674B6C100ECE486 /* Products */;
			projectDirPath = "";
			projectRoot = "";
			targets = (
				0BFD78512674B6C100ECE486 /* EvenOdd */,
			);
		};
/* End PBXProject section */

/* Begin PBXResourcesBuildPhase section */
		0BFD78502674B6C100ECE486 /* Resources */ = {
			isa = PBXResourcesBuildPhase;
			buildActionMask = 2147483647;
			files = (
				0BFD78602674B6C400ECE486 /* LaunchScreen.storyboard in Resources */,
				0BFD785D2674B6C400ECE486 /* Assets.xcassets in Resources */,
				0BFD785B2674B6C100ECE486 /* Main.storyboard in Resources */,
			);
			runOnlyForDeploymentPostprocessing = 0;
		};
/* End PBXResourcesBuildPhase section */

/* Begin PBXSourcesBuildPhase section */
		0BFD784E2674B6C100ECE486 /* Sources */ = {
			isa = PBXSourcesBuildPhase;
			buildActionMask = 2147483647;
			files = (
				0B822EA22678BA0F00411F68 /* AnswerVC.swift in Sources */,
				0B822EA02678B9DA00411F68 /* ViewController.swift in Sources */,
				0BFD78562674B6C100ECE486 /* AppDelegate.swift in Sources */,
			);
			runOnlyForDeploymentPostprocessing = 0;
		};
/* End PBXSourcesBuildPhase section */

/* Begin PBXVariantGroup section */
		0BFD78592674B6C100ECE486 /* Main.storyboard */ = {
			isa = PBXVariantGroup;
			children = (
				0BFD785A2674B6C100ECE486 /* Base */,
			);
			name = Main.storyboard;
			sourceTree = "<group>";
		};
		0BFD785E2674B6C400ECE486 /* LaunchScreen.storyboard */ = {
			isa = PBXVariantGroup;
			children = (
				0BFD785F2674B6C400ECE486 /* Base */,
			);
			name = LaunchScreen.storyboard;
			sourceTree = "<group>";
		};
/* End PBXVariantGroup section */

/* Begin XCBuildConfiguration section */
		0BFD78622674B6C400ECE486 /* Debug */ = {
			isa = XCBuildConfiguration;
			buildSettings = {
				ALWAYS_SEARCH_USER_PATHS = NO;
				CLANG_ANALYZER_NONNULL = YES;
				CLANG_ANALYZER_NUMBER_OBJECT_CONVERSION = YES_AGGRESSIVE;
				CLANG_CXX_LANGUAGE_STANDARD = "gnu++14";
				CLANG_CXX_LIBRARY = "libc++";
				CLANG_ENABLE_MODULES = YES;
				CLANG_ENABLE_OBJC_ARC = YES;
				CLANG_ENABLE_OBJC_WEAK = YES;
				CLANG_WARN_BLOCK_CAPTURE_AUTORELEASING = YES;
				CLANG_WARN_BOOL_CONVERSION = YES;
				CLANG_WARN_COMMA = YES;
				CLANG_WARN_CONSTANT_CONVERSION = YES;
				CLANG_WARN_DEPRECATED_OBJC_IMPLEMENTATIONS = YES;
				CLANG_WARN_DIRECT_OBJC_ISA_USAGE = YES_ERROR;
				CLANG_WARN_DOCUMENTATION_COMMENTS = YES;
				CLANG_WARN_EMPTY_BODY = YES;
				CLANG_WARN_ENUM_CONVERSION = YES;
				CLANG_WARN_INFINITE_RECURSION = YES;
				CLANG_WARN_INT_CONVERSION = YES;
				CLANG_WARN_NON_LITERAL_NULL_CONVERSION = YES;
				CLANG_WARN_OBJC_IMPLICIT_RETAIN_SELF = YES;
				CLANG_WARN_OBJC_LITERAL_CONVERSION = YES;
				CLANG_WARN_OBJC_ROOT_CLASS = YES_ERROR;
				CLANG_WARN_RANGE_LOOP_ANALYSIS = YES;
				CLANG_WARN_STRICT_PROTOTYPES = YES;
				CLANG_WARN_SUSPICIOUS_MOVE = YES;
				CLANG_WARN_UNGUARDED_AVAILABILITY = YES_AGGRESSIVE;
				CLANG_WARN_UNREACHABLE_CODE = YES;
				CLANG_WARN__DUPLICATE_METHOD_MATCH = YES;
				CODE_SIGN_IDENTITY = "iPhone Developer";
				COPY_PHASE_STRIP = NO;
				DEBUG_INFORMATION_FORMAT = dwarf;
				ENABLE_STRICT_OBJC_MSGSEND = YES;
				ENABLE_TESTABILITY = YES;
				GCC_C_LANGUAGE_STANDARD = gnu11;
				GCC_DYNAMIC_NO_PIC = NO;
				GCC_NO_COMMON_BLOCKS = YES;
				GCC_OPTIMIZATION_LEVEL = 0;
				GCC_PREPROCESSOR_DEFINITIONS = (
					"DEBUG=1",
					"$(inherited)",
				);
				GCC_WARN_64_TO_32_BIT_CONVERSION = YES;
				GCC_WARN_ABOUT_RETURN_TYPE = YES_ERROR;
				GCC_WARN_UNDECLARED_SELECTOR = YES;
				GCC_WARN_UNINITIALIZED_AUTOS = YES_AGGRESSIVE;
				GCC_WARN_UNUSED_FUNCTION = YES;
				GCC_WARN_UNUSED_VARIABLE = YES;
				IPHONEOS_DEPLOYMENT_TARGET = 12.2;
				MTL_ENABLE_DEBUG_INFO = INCLUDE_SOURCE;
				MTL_FAST_MATH = YES;
				ONLY_ACTIVE_ARCH = YES;
				SDKROOT = iphoneos;
				SWIFT_ACTIVE_COMPILATION_CONDITIONS = DEBUG;
				SWIFT_OPTIMIZATION_LEVEL = "-Onone";
			};
			name = Debug;
		};
		0BFD78632674B6C400ECE486 /* Release */ = {
			isa = XCBuildConfiguration;
			buildSettings = {
				ALWAYS_SEARCH_USER_PATHS = NO;
				CLANG_ANALYZER_NONNULL = YES;
				CLANG_ANALYZER_NUMBER_OBJECT_CONVERSION = YES_AGGRESSIVE;
				CLANG_CXX_LANGUAGE_STANDARD = "gnu++14";
				CLANG_CXX_LIBRARY = "libc++";
				CLANG_ENABLE_MODULES = YES;
				CLANG_ENABLE_OBJC_ARC = YES;
				CLANG_ENABLE_OBJC_WEAK = YES;
				CLANG_WARN_BLOCK_CAPTURE_AUTORELEASING = YES;
				CLANG_WARN_BOOL_CONVERSION = YES;
				CLANG_WARN_COMMA = YES;
				CLANG_WARN_CONSTANT_CONVERSION = YES;
				CLANG_WARN_DEPRECATED_OBJC_IMPLEMENTATIONS = YES;
				CLANG_WARN_DIRECT_OBJC_ISA_USAGE = YES_ERROR;
				CLANG_WARN_DOCUMENTATION_COMMENTS = YES;
				CLANG_WARN_EMPTY_BODY = YES;
				CLANG_WARN_ENUM_CONVERSION = YES;
				CLANG_WARN_INFINITE_RECURSION = YES;
				CLANG_WARN_INT_CONVERSION = YES;
				CLANG_WARN_NON_LITERAL_NULL_CONVERSION = YES;
				CLANG_WARN_OBJC_IMPLICIT_RETAIN_SELF = YES;
				CLANG_WARN_OBJC_LITERAL_CONVERSION = YES;
				CLANG_WARN_OBJC_ROOT_CLASS = YES_ERROR;
				CLANG_WARN_RANGE_LOOP_ANALYSIS = YES;
				CLANG_WARN_STRICT_PROTOTYPES = YES;
				CLANG_WARN_SUSPICIOUS_MOVE = YES;
				CLANG_WARN_UNGUARDED_AVAILABILITY = YES_AGGRESSIVE;
				CLANG_WARN_UNREACHABLE_CODE = YES;
				CLANG_WARN__DUPLICATE_METHOD_MATCH = YES;
				CODE_SIGN_IDENTITY = "iPhone Developer";
				COPY_PHASE_STRIP = NO;
				DEBUG_INFORMATION_FORMAT = "dwarf-with-dsym";
				ENABLE_NS_ASSERTIONS = NO;
				ENABLE_STRICT_OBJC_MSGSEND = YES;
				GCC_C_LANGUAGE_STANDARD = gnu11;
				GCC_NO_COMMON_BLOCKS = YES;
				GCC_WARN_64_TO_32_BIT_CONVERSION = YES;
				GCC_WARN_ABOUT_RETURN_TYPE = YES_ERROR;
				GCC_WARN_UNDECLARED_SELECTOR = YES;
				GCC_WARN_UNINITIALIZED_AUTOS = YES_AGGRESSIVE;
				GCC_WARN_UNUSED_FUNCTION = YES;
				GCC_WARN_UNUSED_VARIABLE = YES;
				IPHONEOS_DEPLOYMENT_TARGET = 12.2;
				MTL_ENABLE_DEBUG_INFO = NO;
				MTL_FAST_MATH = YES;
				SDKROOT = iphoneos;
				SWIFT_COMPILATION_MODE = wholemodule;
				SWIFT_OPTIMIZATION_LEVEL = "-O";
				VALIDATE_PRODUCT = YES;
			};
			name = Release;
		};
		0BFD78652674B6C400ECE486 /* Debug */ = {
			isa = XCBuildConfiguration;
			buildSettings = {
				ASSETCATALOG_COMPILER_APPICON_NAME = AppIcon;
				CODE_SIGN_STYLE = Automatic;
				INFOPLIST_FILE = EvenOdd/Info.plist;
				LD_RUNPATH_SEARCH_PATHS = (
					"$(inherited)",
					"@executable_path/Frameworks",
				);
				PRODUCT_BUNDLE_IDENTIFIER = in.ac.vnsgu.dcs.EvenOdd;
				PRODUCT_NAME = "$(TARGET_NAME)";
				SWIFT_VERSION = 5.0;
				TARGETED_DEVICE_FAMILY = "1,2";
			};
			name = Debug;
		};
		0BFD78662674B6C400ECE486 /* Release */ = {
			isa = XCBuildConfiguration;
			buildSettings = {
				ASSETCATALOG_COMPILER_APPICON_NAME = AppIcon;
				CODE_SIGN_STYLE = Automatic;
				INFOPLIST_FILE = EvenOdd/Info.plist;
				LD_RUNPATH_SEARCH_PATHS = (
					"$(inherited)",
					"@executable_path/Frameworks",
				);
				PRODUCT_BUNDLE_IDENTIFIER = in.ac.vnsgu.dcs.EvenOdd;
				PRODUCT_NAME = "$(TARGET_NAME)";
				SWIFT_VERSION = 5.0;
				TARGETED_DEVICE_FAMILY = "1,2";
			};
			name = Release;
		};
/* End XCBuildConfiguration section */

/* Begin XCConfigurationList section */
		0BFD784D2674B6C100ECE486 /* Build configuration list for PBXProject "EvenOdd" */ = {
			isa = XCConfigurationList;
			buildConfigurations = (
				0BFD78622674B6C400ECE486 /* Debug */,
				0BFD78632674B6C400ECE486 /* Release */,
			);
			defaultConfigurationIsVisible = 0;
			defaultConfigurationName = Release;
		};
		0BFD78642674B6C400ECE486 /* Build configuration list for PBXNativeTarget "EvenOdd" */ = {
			isa = XCConfigurationList;
			buildConfigurations = (
				0BFD78652674B6C400ECE486 /* Debug */,
				0BFD78662674B6C400ECE486 /* Release */,
			);
			defaultConfigurationIsVisible = 0;
			defaultConfigurationName = Release;
		};
/* End XCConfigurationList section */
	};
	rootObject = 0BFD784A2674B6C100ECE486 /* Project object */;
}
